<?xml version="1.0" encoding="UTF-8" standalone="yes" ?>
<CodeBlocks_project_file>
	<FileVersion major="1" minor="6" />
	<Project>
		<Option title="ICT289 CameraProject" />
		<Option pch_mode="2" />
		<Option compiler="gcc" />
		<Build>
			<Target title="Debug">
				<Option output="bin/Debug/ICT289 CameraProject" prefix_auto="1" extension_auto="1" />
				<Option object_output="obj/Debug/" />
				<Option type="1" />
				<Option compiler="gcc" />
				<Compiler>
					<Add option="-g" />
				</Compiler>
			</Target>
			<Target title="Release">
				<Option output="bin/Release/ICT289 CameraProject" prefix_auto="1" extension_auto="1" />
				<Option object_output="obj/Release/" />
				<Option type="1" />
				<Option compiler="gcc" />
				<Compiler>
					<Add option="-O2" />
				</Compiler>
				<Linker>
					<Add option="-s" />
				</Linker>
			</Target>
		</Build>
		<Compiler>
			<Add option="-Wall" />
		</Compiler>
		<Unit filename="Camera.c">
			<Option compilerVar="CC" />
		</Unit>
		<Unit filename="Camera.h" />
		<Unit filename="CameraController.c">
			<Option compilerVar="CC" />
		</Unit>
		<Unit filename="CameraController.h" />
		<Unit filename="CollisionDetection.c">
			<Option compilerVar="CC" />
		</Unit>
		<Unit filename="CollisionDetection.h" />
		<Unit filename="CustomDataTypes.h" />
		<Unit filename="CustomGUI.c">
			<Option compilerVar="CC" />
		</Unit>
		<Unit filename="CustomGUI.h" />
		<Unit filename="DrawablePrimitives.c">
			<Option compilerVar="CC" />
		</Unit>
		<Unit filename="DrawablePrimitives.h" />
		<Unit filename="FileIO.c">
			<Option compilerVar="CC" />
		</Unit>
		<Unit filename="FileIO.h" />
		<Unit filename="GLWindow.c">
			<Option compilerVar="CC" />
		</Unit>
		<Unit filename="GLWindow.h" />
		<Unit filename="GameObject.c">
			<Option compilerVar="CC" />
		</Unit>
		<Unit filename="GameObject.h" />
		<Unit filename="Interaction.c">
			<Option compilerVar="CC" />
		</Unit>
		<Unit filename="Interaction.h" />
		<Unit filename="MakeRoom.c">
			<Option compilerVar="CC" />
		</Unit>
		<Unit filename="MakeRoom.h" />
		<Unit filename="PopupMenu.c">
			<Option compilerVar="CC" />
		</Unit>
		<Unit filename="PopupMenu.h" />
		<Unit filename="PopupMenuFunctions.c">
			<Option compilerVar="CC" />
		</Unit>
		<Unit filename="PopupMenuFunctions.h" />
		<Unit filename="RigidBody.c">
			<Option compilerVar="CC" />
		</Unit>
		<Unit filename="RigidBody.h" />
		<Unit filename="Room_and_Ball.c">
			<Option compilerVar="CC" />
		</Unit>
		<Unit filename="Room_and_Ball.h" />
		<Unit filename="Texturing.c">
			<Option compilerVar="CC" />
		</Unit>
		<Unit filename="Texturing.h" />
		<Unit filename="main.c">
			<Option compilerVar="CC" />
		</Unit>
		<Extensions>
			<code_completion />
			<envvars />
			<debugger />
			<lib_finder disable_auto="1" />
		</Extensions>
	</Project>
</CodeBlocks_project_file>
